// !$*UTF8*$!
{
	archiveVersion = 1;
	classes = {
	};
	objectVersion = 55;
	objects = {

/* Begin PBXBuildFile section */
		CD0E635D2D200482006DA47E /* nouns.json in Resources */ = {isa = PBXBuildFile; fileRef = CD0E635C2D20047A006DA47E /* nouns.json */; };
		CD0E635F2D200DF6006DA47E /* adjectives.json in Resources */ = {isa = PBXBuildFile; fileRef = CD0E635E2D200DE8006DA47E /* adjectives.json */; };
		CDCF9C2E27A419F800A9DA3A /* VICTORIOUSNUMBERApp.swift in Sources */ = {isa = PBXBuildFile; fileRef = CDCF9C1E27A419F600A9DA3A /* VICTORIOUSNUMBERApp.swift */; };
		CDCF9C3027A419F800A9DA3A /* LaunchView.swift in Sources */ = {isa = PBXBuildFile; fileRef = CDCF9C1F27A419F600A9DA3A /* LaunchView.swift */; };
		CDCF9C3227A419F800A9DA3A /* Assets.xcassets in Resources */ = {isa = PBXBuildFile; fileRef = CDCF9C2027A419F800A9DA3A /* Assets.xcassets */; };
		CDCF9C3D27A41BE200A9DA3A /* CodeNameListView.swift in Sources */ = {isa = PBXBuildFile; fileRef = CDCF9C3C27A41BE200A9DA3A /* CodeNameListView.swift */; };
/* End PBXBuildFile section */

/* Begin PBXFileReference section */
		CD0E635C2D20047A006DA47E /* nouns.json */ = {isa = PBXFileReference; lastKnownFileType = text.json; path = nouns.json; sourceTree = "<group>"; };
		CD0E635E2D200DE8006DA47E /* adjectives.json */ = {isa = PBXFileReference; lastKnownFileType = text.json; path = adjectives.json; sourceTree = "<group>"; };
		CDCF9C1E27A419F600A9DA3A /* VICTORIOUSNUMBERApp.swift */ = {isa = PBXFileReference; lastKnownFileType = sourcecode.swift; path = VICTORIOUSNUMBERApp.swift; sourceTree = "<group>"; };
		CDCF9C1F27A419F600A9DA3A /* LaunchView.swift */ = {isa = PBXFileReference; lastKnownFileType = sourcecode.swift; path = LaunchView.swift; sourceTree = "<group>"; };
		CDCF9C2027A419F800A9DA3A /* Assets.xcassets */ = {isa = PBXFileReference; lastKnownFileType = folder.assetcatalog; path = Assets.xcassets; sourceTree = "<group>"; };
		CDCF9C2527A419F800A9DA3A /* VICTORIOUSNUMBER.app */ = {isa = PBXFileReference; explicitFileType = wrapper.application; includeInIndex = 0; path = VICTORIOUSNUMBER.app; sourceTree = BUILT_PRODUCTS_DIR; };
		CDCF9C3C27A41BE200A9DA3A /* CodeNameListView.swift */ = {isa = PBXFileReference; lastKnownFileType = sourcecode.swift; path = CodeNameListView.swift; sourceTree = "<group>"; };
/* End PBXFileReference section */

/* Begin PBXFrameworksBuildPhase section */
		CDCF9C2227A419F800A9DA3A /* Frameworks */ = {
			isa = PBXFrameworksBuildPhase;
			buildActionMask = 2147483647;
			files = (
			);
			runOnlyForDeploymentPostprocessing = 0;
		};
/* End PBXFrameworksBuildPhase section */

/* Begin PBXGroup section */
		CD147CB427A58FCC0035F3F7 /* VICTORIOUSNUMBERApp */ = {
			isa = PBXGroup;
			children = (
				CDCF9C2027A419F800A9DA3A /* Assets.xcassets */,
				CD147CB627A590020035F3F7 /* Views */,
				CD147CB527A58FFA0035F3F7 /* Models */,
				CDCF9C1E27A419F600A9DA3A /* VICTORIOUSNUMBERApp.swift */,
			);
			path = VICTORIOUSNUMBERApp;
			sourceTree = "<group>";
		};
		CD147CB527A58FFA0035F3F7 /* Models */ = {
			isa = PBXGroup;
			children = (
				CD0E635E2D200DE8006DA47E /* adjectives.json */,
				CD0E635C2D20047A006DA47E /* nouns.json */,
			);
			path = Models;
			sourceTree = "<group>";
		};
		CD147CB627A590020035F3F7 /* Views */ = {
			isa = PBXGroup;
			children = (
				CDCF9C1F27A419F600A9DA3A /* LaunchView.swift */,
				CDCF9C3C27A41BE200A9DA3A /* CodeNameListView.swift */,
			);
			path = Views;
			sourceTree = "<group>";
		};
		CDCF9C1827A419F600A9DA3A = {
			isa = PBXGroup;
			children = (
				CD147CB427A58FCC0035F3F7 /* VICTORIOUSNUMBERApp */,
				CDCF9C2627A419F800A9DA3A /* Products */,
			);
			sourceTree = "<group>";
		};
		CDCF9C2627A419F800A9DA3A /* Products */ = {
			isa = PBXGroup;
			children = (
				CDCF9C2527A419F800A9DA3A /* VICTORIOUSNUMBER.app */,
			);
			name = Products;
			sourceTree = "<group>";
		};
/* End PBXGroup section */

/* Begin PBXNativeTarget section */
		CDCF9C2427A419F800A9DA3A /* VICTORIOUSNUMBER (iOS) */ = {
			isa = PBXNativeTarget;
			buildConfigurationList = CDCF9C3627A419F800A9DA3A /* Build configuration list for PBXNativeTarget "VICTORIOUSNUMBER (iOS)" */;
			buildPhases = (
				CDCF9C2127A419F800A9DA3A /* Sources */,
				CDCF9C2227A419F800A9DA3A /* Frameworks */,
				CDCF9C2327A419F800A9DA3A /* Resources */,
			);
			buildRules = (
			);
			dependencies = (
			);
			name = "VICTORIOUSNUMBER (iOS)";
			productName = "VICTORIOUSNUMBER (iOS)";
			productReference = CDCF9C2527A419F800A9DA3A /* VICTORIOUSNUMBER.app */;
			productType = "com.apple.product-type.application";
		};
/* End PBXNativeTarget section */

/* Begin PBXProject section */
		CDCF9C1927A419F600A9DA3A /* Project object */ = {
			isa = PBXProject;
			attributes = {
				BuildIndependentTargetsInParallel = 1;
				LastSwiftUpdateCheck = 1320;
				LastUpgradeCheck = 1620;
				TargetAttributes = {
					CDCF9C2427A419F800A9DA3A = {
						CreatedOnToolsVersion = 13.2.1;
					};
				};
			};
			buildConfigurationList = CDCF9C1C27A419F600A9DA3A /* Build configuration list for PBXProject "VICTORIOUSNUMBER" */;
			compatibilityVersion = "Xcode 13.0";
			developmentRegion = en;
			hasScannedForEncodings = 0;
			knownRegions = (
				en,
				Base,
			);
			mainGroup = CDCF9C1827A419F600A9DA3A;
			productRefGroup = CDCF9C2627A419F800A9DA3A /* Products */;
			projectDirPath = "";
			projectRoot = "";
			targets = (
				CDCF9C2427A419F800A9DA3A /* VICTORIOUSNUMBER (iOS) */,
			);
		};
/* End PBXProject section */

/* Begin PBXResourcesBuildPhase section */
		CDCF9C2327A419F800A9DA3A /* Resources */ = {
			isa = PBXResourcesBuildPhase;
			buildActionMask = 2147483647;
			files = (
				CD0E635F2D200DF6006DA47E /* adjectives.json in Resources */,
				CD0E635D2D200482006DA47E /* nouns.json in Resources */,
				CDCF9C3227A419F800A9DA3A /* Assets.xcassets in Resources */,
			);
			runOnlyForDeploymentPostprocessing = 0;
		};
/* End PBXResourcesBuildPhase section */

/* Begin PBXSourcesBuildPhase section */
		CDCF9C2127A419F800A9DA3A /* Sources */ = {
			isa = PBXSourcesBuildPhase;
			buildActionMask = 2147483647;
			files = (
				CDCF9C3027A419F800A9DA3A /* LaunchView.swift in Sources */,
				CDCF9C2E27A419F800A9DA3A /* VICTORIOUSNUMBERApp.swift in Sources */,
				CDCF9C3D27A41BE200A9DA3A /* CodeNameListView.swift in Sources */,
			);
			runOnlyForDeploymentPostprocessing = 0;
		};
/* End PBXSourcesBuildPhase section */

/* Begin XCBuildConfiguration section */
		CDCF9C3427A419F800A9DA3A /* Debug */ = {
			isa = XCBuildConfiguration;
			buildSettings = {
				ALWAYS_SEARCH_USER_PATHS = NO;
				CLANG_ANALYZER_NONNULL = YES;
				CLANG_ANALYZER_NUMBER_OBJECT_CONVERSION = YES_AGGRESSIVE;
				CLANG_CXX_LANGUAGE_STANDARD = "gnu++17";
				CLANG_CXX_LIBRARY = "libc++";
				CLANG_ENABLE_MODULES = YES;
				CLANG_ENABLE_OBJC_ARC = YES;
				CLANG_ENABLE_OBJC_WEAK = YES;
				CLANG_WARN_BLOCK_CAPTURE_AUTORELEASING = YES;
				CLANG_WARN_BOOL_CONVERSION = YES;
				CLANG_WARN_COMMA = YES;
				CLANG_WARN_CONSTANT_CONVERSION = YES;
				CLANG_WARN_DEPRECATED_OBJC_IMPLEMENTATIONS = YES;
				CLANG_WARN_DIRECT_OBJC_ISA_USAGE = YES_ERROR;
				CLANG_WARN_DOCUMENTATION_COMMENTS = YES;
				CLANG_WARN_EMPTY_BODY = YES;
				CLANG_WARN_ENUM_CONVERSION = YES;
				CLANG_WARN_INFINITE_RECURSION = YES;
				CLANG_WARN_INT_CONVERSION = YES;
				CLANG_WARN_NON_LITERAL_NULL_CONVERSION = YES;
				CLANG_WARN_OBJC_IMPLICIT_RETAIN_SELF = YES;
				CLANG_WARN_OBJC_LITERAL_CONVERSION = YES;
				CLANG_WARN_OBJC_ROOT_CLASS = YES_ERROR;
				CLANG_WARN_QUOTED_INCLUDE_IN_FRAMEWORK_HEADER = YES;
				CLANG_WARN_RANGE_LOOP_ANALYSIS = YES;
				CLANG_WARN_STRICT_PROTOTYPES = YES;
				CLANG_WARN_SUSPICIOUS_MOVE = YES;
				CLANG_WARN_UNGUARDED_AVAILABILITY = YES_AGGRESSIVE;
				CLANG_WARN_UNREACHABLE_CODE = YES;
				CLANG_WARN__DUPLICATE_METHOD_MATCH = YES;
				COPY_PHASE_STRIP = NO;
				DEAD_CODE_STRIPPING = YES;
				DEBUG_INFORMATION_FORMAT = dwarf;
				ENABLE_STRICT_OBJC_MSGSEND = YES;
				ENABLE_TESTABILITY = YES;
				ENABLE_USER_SCRIPT_SANDBOXING = YES;
				GCC_C_LANGUAGE_STANDARD = gnu11;
				GCC_DYNAMIC_NO_PIC = NO;
				GCC_NO_COMMON_BLOCKS = YES;
				GCC_OPTIMIZATION_LEVEL = 0;
				GCC_PREPROCESSOR_DEFINITIONS = (
					"DEBUG=1",
					"$(inherited)",
				);
				GCC_WARN_64_TO_32_BIT_CONVERSION = YES;
				GCC_WARN_ABOUT_RETURN_TYPE = YES_ERROR;
				GCC_WARN_UNDECLARED_SELECTOR = YES;
				GCC_WARN_UNINITIALIZED_AUTOS = YES_AGGRESSIVE;
				GCC_WARN_UNUSED_FUNCTION = YES;
				GCC_WARN_UNUSED_VARIABLE = YES;
				IPHONEOS_DEPLOYMENT_TARGET = 17.0;
				MTL_ENABLE_DEBUG_INFO = INCLUDE_SOURCE;
				MTL_FAST_MATH = YES;
				ONLY_ACTIVE_ARCH = YES;
				SWIFT_ACTIVE_COMPILATION_CONDITIONS = DEBUG;
				SWIFT_OPTIMIZATION_LEVEL = "-Onone";
			};
			name = Debug;
		};
		CDCF9C3527A419F800A9DA3A /* Release */ = {
			isa = XCBuildConfiguration;
			buildSettings = {
				ALWAYS_SEARCH_USER_PATHS = NO;
				CLANG_ANALYZER_NONNULL = YES;
				CLANG_ANALYZER_NUMBER_OBJECT_CONVERSION = YES_AGGRESSIVE;
				CLANG_CXX_LANGUAGE_STANDARD = "gnu++17";
				CLANG_CXX_LIBRARY = "libc++";
				CLANG_ENABLE_MODULES = YES;
				CLANG_ENABLE_OBJC_ARC = YES;
				CLANG_ENABLE_OBJC_WEAK = YES;
				CLANG_WARN_BLOCK_CAPTURE_AUTORELEASING = YES;
				CLANG_WARN_BOOL_CONVERSION = YES;
				CLANG_WARN_COMMA = YES;
				CLANG_WARN_CONSTANT_CONVERSION = YES;
				CLANG_WARN_DEPRECATED_OBJC_IMPLEMENTATIONS = YES;
				CLANG_WARN_DIRECT_OBJC_ISA_USAGE = YES_ERROR;
				CLANG_WARN_DOCUMENTATION_COMMENTS = YES;
				CLANG_WARN_EMPTY_BODY = YES;
				CLANG_WARN_ENUM_CONVERSION = YES;
				CLANG_WARN_INFINITE_RECURSION = YES;
				CLANG_WARN_INT_CONVERSION = YES;
				CLANG_WARN_NON_LITERAL_NULL_CONVERSION = YES;
				CLANG_WARN_OBJC_IMPLICIT_RETAIN_SELF = YES;
				CLANG_WARN_OBJC_LITERAL_CONVERSION = YES;
				CLANG_WARN_OBJC_ROOT_CLASS = YES_ERROR;
				CLANG_WARN_QUOTED_INCLUDE_IN_FRAMEWORK_HEADER = YES;
				CLANG_WARN_RANGE_LOOP_ANALYSIS = YES;
				CLANG_WARN_STRICT_PROTOTYPES = YES;
				CLANG_WARN_SUSPICIOUS_MOVE = YES;
				CLANG_WARN_UNGUARDED_AVAILABILITY = YES_AGGRESSIVE;
				CLANG_WARN_UNREACHABLE_CODE = YES;
				CLANG_WARN__DUPLICATE_METHOD_MATCH = YES;
				COPY_PHASE_STRIP = NO;
				DEAD_CODE_STRIPPING = YES;
				DEBUG_INFORMATION_FORMAT = "dwarf-with-dsym";
				ENABLE_NS_ASSERTIONS = NO;
				ENABLE_STRICT_OBJC_MSGSEND = YES;
				ENABLE_USER_SCRIPT_SANDBOXING = YES;
				GCC_C_LANGUAGE_STANDARD = gnu11;
				GCC_NO_COMMON_BLOCKS = YES;
				GCC_WARN_64_TO_32_BIT_CONVERSION = YES;
				GCC_WARN_ABOUT_RETURN_TYPE = YES_ERROR;
				GCC_WARN_UNDECLARED_SELECTOR = YES;
				GCC_WARN_UNINITIALIZED_AUTOS = YES_AGGRESSIVE;
				GCC_WARN_UNUSED_FUNCTION = YES;
				GCC_WARN_UNUSED_VARIABLE = YES;
				IPHONEOS_DEPLOYMENT_TARGET = 17.0;
				MTL_ENABLE_DEBUG_INFO = NO;
				MTL_FAST_MATH = YES;
				SWIFT_COMPILATION_MODE = wholemodule;
				SWIFT_OPTIMIZATION_LEVEL = "-O";
			};
			name = Release;
		};
		CDCF9C3727A419F800A9DA3A /* Debug */ = {
			isa = XCBuildConfiguration;
			buildSettings = {
				ASSETCATALOG_COMPILER_APPICON_NAME = AppIcon;
				ASSETCATALOG_COMPILER_GLOBAL_ACCENT_COLOR_NAME = AccentColor;
				CODE_SIGN_STYLE = Automatic;
				CURRENT_PROJECT_VERSION = 1;
				DEVELOPMENT_TEAM = X8SJ59XXC8;
				ENABLE_PREVIEWS = YES;
				GENERATE_INFOPLIST_FILE = YES;
				INFOPLIST_KEY_UIApplicationSceneManifest_Generation = YES;
				INFOPLIST_KEY_UIApplicationSupportsIndirectInputEvents = YES;
				INFOPLIST_KEY_UILaunchScreen_Generation = YES;
				INFOPLIST_KEY_UISupportedInterfaceOrientations_iPad = "UIInterfaceOrientationPortrait UIInterfaceOrientationPortraitUpsideDown UIInterfaceOrientationLandscapeLeft UIInterfaceOrientationLandscapeRight";
				INFOPLIST_KEY_UISupportedInterfaceOrientations_iPhone = "UIInterfaceOrientationPortrait UIInterfaceOrientationLandscapeLeft UIInterfaceOrientationLandscapeRight";
				IPHONEOS_DEPLOYMENT_TARGET = 17.0;
				LD_RUNPATH_SEARCH_PATHS = (
					"$(inherited)",
					"@executable_path/Frameworks",
				);
				MARKETING_VERSION = 1.0;
				PRODUCT_BUNDLE_IDENTIFIER = com.momolas.VICTORIOUSNUMBER;
				PRODUCT_NAME = VICTORIOUSNUMBER;
				SDKROOT = iphoneos;
				SWIFT_EMIT_LOC_STRINGS = YES;
				SWIFT_VERSION = 5.0;
				TARGETED_DEVICE_FAMILY = "1,2";
			};
			name = Debug;
		};
		CDCF9C3827A419F800A9DA3A /* Release */ = {
			isa = XCBuildConfiguration;
			buildSettings = {
				ASSETCATALOG_COMPILER_APPICON_NAME = AppIcon;
				ASSETCATALOG_COMPILER_GLOBAL_ACCENT_COLOR_NAME = AccentColor;
				CODE_SIGN_STYLE = Automatic;
				CURRENT_PROJECT_VERSION = 1;
				DEVELOPMENT_TEAM = X8SJ59XXC8;
				ENABLE_PREVIEWS = YES;
				GENERATE_INFOPLIST_FILE = YES;
				INFOPLIST_KEY_UIApplicationSceneManifest_Generation = YES;
				INFOPLIST_KEY_UIApplicationSupportsIndirectInputEvents = YES;
				INFOPLIST_KEY_UILaunchScreen_Generation = YES;
				INFOPLIST_KEY_UISupportedInterfaceOrientations_iPad = "UIInterfaceOrientationPortrait UIInterfaceOrientationPortraitUpsideDown UIInterfaceOrientationLandscapeLeft UIInterfaceOrientationLandscapeRight";
				INFOPLIST_KEY_UISupportedInterfaceOrientations_iPhone = "UIInterfaceOrientationPortrait UIInterfaceOrientationLandscapeLeft UIInterfaceOrientationLandscapeRight";
				IPHONEOS_DEPLOYMENT_TARGET = 17.0;
				LD_RUNPATH_SEARCH_PATHS = (
					"$(inherited)",
					"@executable_path/Frameworks",
				);
				MARKETING_VERSION = 1.0;
				PRODUCT_BUNDLE_IDENTIFIER = com.momolas.VICTORIOUSNUMBER;
				PRODUCT_NAME = VICTORIOUSNUMBER;
				SDKROOT = iphoneos;
				SWIFT_EMIT_LOC_STRINGS = YES;
				SWIFT_VERSION = 5.0;
				TARGETED_DEVICE_FAMILY = "1,2";
				VALIDATE_PRODUCT = YES;
			};
			name = Release;
		};
/* End XCBuildConfiguration section */

/* Begin XCConfigurationList section */
		CDCF9C1C27A419F600A9DA3A /* Build configuration list for PBXProject "VICTORIOUSNUMBER" */ = {
			isa = XCConfigurationList;
			buildConfigurations = (
				CDCF9C3427A419F800A9DA3A /* Debug */,
				CDCF9C3527A419F800A9DA3A /* Release */,
			);
			defaultConfigurationIsVisible = 0;
			defaultConfigurationName = Release;
		};
		CDCF9C3627A419F800A9DA3A /* Build configuration list for PBXNativeTarget "VICTORIOUSNUMBER (iOS)" */ = {
			isa = XCConfigurationList;
			buildConfigurations = (
				CDCF9C3727A419F800A9DA3A /* Debug */,
				CDCF9C3827A419F800A9DA3A /* Release */,
			);
			defaultConfigurationIsVisible = 0;
			defaultConfigurationName = Release;
		};
/* End XCConfigurationList section */
	};
	rootObject = CDCF9C1927A419F600A9DA3A /* Project object */;
}
